
Microsoft Visual Studio Solution File, Format Version 12.00
# Visual Studio Version 17
VisualStudioVersion = 17.0.31912.275
MinimumVisualStudioVersion = 10.0.40219.1
Project("{FAE04EC0-301F-11D3-BF4B-00C04F79EFBC}") = "FirstLaboratory", "FirstLaboratory\FirstLaboratory.csproj", "{714D3012-ADFD-45CF-BEF4-2D0C98F56B0A}"
EndProject
Global
	GlobalSection(SolutionConfigurationPlatforms) = preSolution
		Debug|Any CPU = Debug|Any CPU
		Release|Any CPU = Release|Any CPU
	EndGlobalSection
	GlobalSection(ProjectConfigurationPlatforms) = postSolution
		{714D3012-ADFD-45CF-BEF4-2D0C98F56B0A}.Debug|Any CPU.ActiveCfg = Debug|Any CPU
		{714D3012-ADFD-45CF-BEF4-2D0C98F56B0A}.Debug|Any CPU.Build.0 = Debug|Any CPU
		{714D3012-ADFD-45CF-BEF4-2D0C98F56B0A}.Release|Any CPU.ActiveCfg = Release|Any CPU
		{714D3012-ADFD-45CF-BEF4-2D0C98F56B0A}.Release|Any CPU.Build.0 = Release|Any CPU
	EndGlobalSection
	GlobalSection(SolutionProperties) = preSolution
		HideSolutionNode = FALSE
	EndGlobalSection
	GlobalSection(ExtensibilityGlobals) = postSolution
		SolutionGuid = {83EFCB1C-A6D1-4D6D-A22B-3331E3A71C9D}
	EndGlobalSection
EndGlobal
